
Microsoft Visual Studio Solution File, Format Version 12.00
# Visual Studio Version 17
VisualStudioVersion = 17.3.32922.545
MinimumVisualStudioVersion = 10.0.40219.1
Project("{FAE04EC0-301F-11D3-BF4B-00C04F79EFBC}") = "AppComidaTP", "AppComidaTP\AppComidaTP.csproj", "{567DBEA4-8265-4E8F-9028-F9B597826392}"
EndProject
Global
	GlobalSection(SolutionConfigurationPlatforms) = preSolution
		Debug|Any CPU = Debug|Any CPU
		Release|Any CPU = Release|Any CPU
	EndGlobalSection
	GlobalSection(ProjectConfigurationPlatforms) = postSolution
		{567DBEA4-8265-4E8F-9028-F9B597826392}.Debug|Any CPU.ActiveCfg = Debug|Any CPU
		{567DBEA4-8265-4E8F-9028-F9B597826392}.Debug|Any CPU.Build.0 = Debug|Any CPU
		{567DBEA4-8265-4E8F-9028-F9B597826392}.Release|Any CPU.ActiveCfg = Release|Any CPU
		{567DBEA4-8265-4E8F-9028-F9B597826392}.Release|Any CPU.Build.0 = Release|Any CPU
	EndGlobalSection
	GlobalSection(SolutionProperties) = preSolution
		HideSolutionNode = FALSE
	EndGlobalSection
	GlobalSection(ExtensibilityGlobals) = postSolution
		SolutionGuid = {5A018EE0-6354-48AE-9E28-C1F76741966D}
	EndGlobalSection
EndGlobal
